// !$*UTF8*$!
{
	archiveVersion = 1;
	classes = {
	};
	objectVersion = 50;
	objects = {

/* Begin PBXBuildFile section */
		DCEB15172369DA8A008EB77A /* AppDelegate.swift in Sources */ = {isa = PBXBuildFile; fileRef = DCEB15162369DA8A008EB77A /* AppDelegate.swift */; };
		DCEB15192369DA8A008EB77A /* SceneDelegate.swift in Sources */ = {isa = PBXBuildFile; fileRef = DCEB15182369DA8A008EB77A /* SceneDelegate.swift */; };
		DCEB151B2369DA8A008EB77A /* ViewController.swift in Sources */ = {isa = PBXBuildFile; fileRef = DCEB151A2369DA8A008EB77A /* ViewController.swift */; };
		DCEB151E2369DA8A008EB77A /* Main.storyboard in Resources */ = {isa = PBXBuildFile; fileRef = DCEB151C2369DA8A008EB77A /* Main.storyboard */; };
		DCEB15202369DA8B008EB77A /* Assets.xcassets in Resources */ = {isa = PBXBuildFile; fileRef = DCEB151F2369DA8B008EB77A /* Assets.xcassets */; };
		DCEB15232369DA8B008EB77A /* LaunchScreen.storyboard in Resources */ = {isa = PBXBuildFile; fileRef = DCEB15212369DA8B008EB77A /* LaunchScreen.storyboard */; };
		DCEB152B2369DF17008EB77A /* Jokes.swift in Sources */ = {isa = PBXBuildFile; fileRef = DCEB152A2369DF17008EB77A /* Jokes.swift */; };
/* End PBXBuildFile section */

/* Begin PBXFileReference section */
		DCEB15132369DA8A008EB77A /* SecondIosApp.app */ = {isa = PBXFileReference; explicitFileType = wrapper.application; includeInIndex = 0; path = SecondIosApp.app; sourceTree = BUILT_PRODUCTS_DIR; };
		DCEB15162369DA8A008EB77A /* AppDelegate.swift */ = {isa = PBXFileReference; lastKnownFileType = sourcecode.swift; path = AppDelegate.swift; sourceTree = "<group>"; };
		DCEB15182369DA8A008EB77A /* SceneDelegate.swift */ = {isa = PBXFileReference; lastKnownFileType = sourcecode.swift; path = SceneDelegate.swift; sourceTree = "<group>"; };
		DCEB151A2369DA8A008EB77A /* ViewController.swift */ = {isa = PBXFileReference; lastKnownFileType = sourcecode.swift; path = ViewController.swift; sourceTree = "<group>"; };
		DCEB151D2369DA8A008EB77A /* Base */ = {isa = PBXFileReference; lastKnownFileType = file.storyboard; name = Base; path = Base.lproj/Main.storyboard; sourceTree = "<group>"; };
		DCEB151F2369DA8B008EB77A /* Assets.xcassets */ = {isa = PBXFileReference; lastKnownFileType = folder.assetcatalog; path = Assets.xcassets; sourceTree = "<group>"; };
		DCEB15222369DA8B008EB77A /* Base */ = {isa = PBXFileReference; lastKnownFileType = file.storyboard; name = Base; path = Base.lproj/LaunchScreen.storyboard; sourceTree = "<group>"; };
		DCEB15242369DA8B008EB77A /* Info.plist */ = {isa = PBXFileReference; lastKnownFileType = text.plist.xml; path = Info.plist; sourceTree = "<group>"; };
		DCEB152A2369DF17008EB77A /* Jokes.swift */ = {isa = PBXFileReference; lastKnownFileType = sourcecode.swift; path = Jokes.swift; sourceTree = "<group>"; };
/* End PBXFileReference section */

/* Begin PBXFrameworksBuildPhase section */
		DCEB15102369DA8A008EB77A /* Frameworks */ = {
			isa = PBXFrameworksBuildPhase;
			buildActionMask = 2147483647;
			files = (
			);
			runOnlyForDeploymentPostprocessing = 0;
		};
/* End PBXFrameworksBuildPhase section */

/* Begin PBXGroup section */
		DCEB150A2369DA8A008EB77A = {
			isa = PBXGroup;
			children = (
				DCEB15152369DA8A008EB77A /* SecondIosApp */,
				DCEB15142369DA8A008EB77A /* Products */,
			);
			sourceTree = "<group>";
		};
		DCEB15142369DA8A008EB77A /* Products */ = {
			isa = PBXGroup;
			children = (
				DCEB15132369DA8A008EB77A /* SecondIosApp.app */,
			);
			name = Products;
			sourceTree = "<group>";
		};
		DCEB15152369DA8A008EB77A /* SecondIosApp */ = {
			isa = PBXGroup;
			children = (
				DCEB15162369DA8A008EB77A /* AppDelegate.swift */,
				DCEB15182369DA8A008EB77A /* SceneDelegate.swift */,
				DCEB151A2369DA8A008EB77A /* ViewController.swift */,
				DCEB151C2369DA8A008EB77A /* Main.storyboard */,
				DCEB151F2369DA8B008EB77A /* Assets.xcassets */,
				DCEB15212369DA8B008EB77A /* LaunchScreen.storyboard */,
				DCEB15242369DA8B008EB77A /* Info.plist */,
				DCEB152A2369DF17008EB77A /* Jokes.swift */,
			);
			path = SecondIosApp;
			sourceTree = "<group>";
		};
/* End PBXGroup section */

/* Begin PBXNativeTarget section */
		DCEB15122369DA8A008EB77A /* SecondIosApp */ = {
			isa = PBXNativeTarget;
			buildConfigurationList = DCEB15272369DA8B008EB77A /* Build configuration list for PBXNativeTarget "SecondIosApp" */;
			buildPhases = (
				DCEB150F2369DA8A008EB77A /* Sources */,
				DCEB15102369DA8A008EB77A /* Frameworks */,
				DCEB15112369DA8A008EB77A /* Resources */,
			);
			buildRules = (
			);
			dependencies = (
			);
			name = SecondIosApp;
			productName = SecondIosApp;
			productReference = DCEB15132369DA8A008EB77A /* SecondIosApp.app */;
			productType = "com.apple.product-type.application";
		};
/* End PBXNativeTarget section */

/* Begin PBXProject section */
		DCEB150B2369DA8A008EB77A /* Project object */ = {
			isa = PBXProject;
			attributes = {
				LastSwiftUpdateCheck = 1110;
				LastUpgradeCheck = 1110;
				ORGANIZATIONNAME = "Stephen Smith";
				TargetAttributes = {
					DCEB15122369DA8A008EB77A = {
						CreatedOnToolsVersion = 11.1;
					};
				};
			};
			buildConfigurationList = DCEB150E2369DA8A008EB77A /* Build configuration list for PBXProject "SecondIosApp" */;
			compatibilityVersion = "Xcode 9.3";
			developmentRegion = en;
			hasScannedForEncodings = 0;
			knownRegions = (
				en,
				Base,
			);
			mainGroup = DCEB150A2369DA8A008EB77A;
			productRefGroup = DCEB15142369DA8A008EB77A /* Products */;
			projectDirPath = "";
			projectRoot = "";
			targets = (
				DCEB15122369DA8A008EB77A /* SecondIosApp */,
			);
		};
/* End PBXProject section */

/* Begin PBXResourcesBuildPhase section */
		DCEB15112369DA8A008EB77A /* Resources */ = {
			isa = PBXResourcesBuildPhase;
			buildActionMask = 2147483647;
			files = (
				DCEB15232369DA8B008EB77A /* LaunchScreen.storyboard in Resources */,
				DCEB15202369DA8B008EB77A /* Assets.xcassets in Resources */,
				DCEB151E2369DA8A008EB77A /* Main.storyboard in Resources */,
			);
			runOnlyForDeploymentPostprocessing = 0;
		};
/* End PBXResourcesBuildPhase section */

/* Begin PBXSourcesBuildPhase section */
		DCEB150F2369DA8A008EB77A /* Sources */ = {
			isa = PBXSourcesBuildPhase;
			buildActionMask = 2147483647;
			files = (
				DCEB151B2369DA8A008EB77A /* ViewController.swift in Sources */,
				DCEB15172369DA8A008EB77A /* AppDelegate.swift in Sources */,
				DCEB152B2369DF17008EB77A /* Jokes.swift in Sources */,
				DCEB15192369DA8A008EB77A /* SceneDelegate.swift in Sources */,
			);
			runOnlyForDeploymentPostprocessing = 0;
		};
/* End PBXSourcesBuildPhase section */

/* Begin PBXVariantGroup section */
		DCEB151C2369DA8A008EB77A /* Main.storyboard */ = {
			isa = PBXVariantGroup;
			children = (
				DCEB151D2369DA8A008EB77A /* Base */,
			);
			name = Main.storyboard;
			sourceTree = "<group>";
		};
		DCEB15212369DA8B008EB77A /* LaunchScreen.storyboard */ = {
			isa = PBXVariantGroup;
			children = (
				DCEB15222369DA8B008EB77A /* Base */,
			);
			name = LaunchScreen.storyboard;
			sourceTree = "<group>";
		};
/* End PBXVariantGroup section */

/* Begin XCBuildConfiguration section */
		DCEB15252369DA8B008EB77A /* Debug */ = {
			isa = XCBuildConfiguration;
			buildSettings = {
				ALWAYS_SEARCH_USER_PATHS = NO;
				CLANG_ANALYZER_NONNULL = YES;
				CLANG_ANALYZER_NUMBER_OBJECT_CONVERSION = YES_AGGRESSIVE;
				CLANG_CXX_LANGUAGE_STANDARD = "gnu++14";
				CLANG_CXX_LIBRARY = "libc++";
				CLANG_ENABLE_MODULES = YES;
				CLANG_ENABLE_OBJC_ARC = YES;
				CLANG_ENABLE_OBJC_WEAK = YES;
				CLANG_WARN_BLOCK_CAPTURE_AUTORELEASING = YES;
				CLANG_WARN_BOOL_CONVERSION = YES;
				CLANG_WARN_COMMA = YES;
				CLANG_WARN_CONSTANT_CONVERSION = YES;
				CLANG_WARN_DEPRECATED_OBJC_IMPLEMENTATIONS = YES;
				CLANG_WARN_DIRECT_OBJC_ISA_USAGE = YES_ERROR;
				CLANG_WARN_DOCUMENTATION_COMMENTS = YES;
				CLANG_WARN_EMPTY_BODY = YES;
				CLANG_WARN_ENUM_CONVERSION = YES;
				CLANG_WARN_INFINITE_RECURSION = YES;
				CLANG_WARN_INT_CONVERSION = YES;
				CLANG_WARN_NON_LITERAL_NULL_CONVERSION = YES;
				CLANG_WARN_OBJC_IMPLICIT_RETAIN_SELF = YES;
				CLANG_WARN_OBJC_LITERAL_CONVERSION = YES;
				CLANG_WARN_OBJC_ROOT_CLASS = YES_ERROR;
				CLANG_WARN_RANGE_LOOP_ANALYSIS = YES;
				CLANG_WARN_STRICT_PROTOTYPES = YES;
				CLANG_WARN_SUSPICIOUS_MOVE = YES;
				CLANG_WARN_UNGUARDED_AVAILABILITY = YES_AGGRESSIVE;
				CLANG_WARN_UNREACHABLE_CODE = YES;
				CLANG_WARN__DUPLICATE_METHOD_MATCH = YES;
				COPY_PHASE_STRIP = NO;
				DEBUG_INFORMATION_FORMAT = dwarf;
				ENABLE_STRICT_OBJC_MSGSEND = YES;
				ENABLE_TESTABILITY = YES;
				GCC_C_LANGUAGE_STANDARD = gnu11;
				GCC_DYNAMIC_NO_PIC = NO;
				GCC_NO_COMMON_BLOCKS = YES;
				GCC_OPTIMIZATION_LEVEL = 0;
				GCC_PREPROCESSOR_DEFINITIONS = (
					"DEBUG=1",
					"$(inherited)",
				);
				GCC_WARN_64_TO_32_BIT_CONVERSION = YES;
				GCC_WARN_ABOUT_RETURN_TYPE = YES_ERROR;
				GCC_WARN_UNDECLARED_SELECTOR = YES;
				GCC_WARN_UNINITIALIZED_AUTOS = YES_AGGRESSIVE;
				GCC_WARN_UNUSED_FUNCTION = YES;
				GCC_WARN_UNUSED_VARIABLE = YES;
				IPHONEOS_DEPLOYMENT_TARGET = 13.1;
				MTL_ENABLE_DEBUG_INFO = INCLUDE_SOURCE;
				MTL_FAST_MATH = YES;
				ONLY_ACTIVE_ARCH = YES;
				SDKROOT = iphoneos;
				SWIFT_ACTIVE_COMPILATION_CONDITIONS = DEBUG;
				SWIFT_OPTIMIZATION_LEVEL = "-Onone";
			};
			name = Debug;
		};
		DCEB15262369DA8B008EB77A /* Release */ = {
			isa = XCBuildConfiguration;
			buildSettings = {
				ALWAYS_SEARCH_USER_PATHS = NO;
				CLANG_ANALYZER_NONNULL = YES;
				CLANG_ANALYZER_NUMBER_OBJECT_CONVERSION = YES_AGGRESSIVE;
				CLANG_CXX_LANGUAGE_STANDARD = "gnu++14";
				CLANG_CXX_LIBRARY = "libc++";
				CLANG_ENABLE_MODULES = YES;
				CLANG_ENABLE_OBJC_ARC = YES;
				CLANG_ENABLE_OBJC_WEAK = YES;
				CLANG_WARN_BLOCK_CAPTURE_AUTORELEASING = YES;
				CLANG_WARN_BOOL_CONVERSION = YES;
				CLANG_WARN_COMMA = YES;
				CLANG_WARN_CONSTANT_CONVERSION = YES;
				CLANG_WARN_DEPRECATED_OBJC_IMPLEMENTATIONS = YES;
				CLANG_WARN_DIRECT_OBJC_ISA_USAGE = YES_ERROR;
				CLANG_WARN_DOCUMENTATION_COMMENTS = YES;
				CLANG_WARN_EMPTY_BODY = YES;
				CLANG_WARN_ENUM_CONVERSION = YES;
				CLANG_WARN_INFINITE_RECURSION = YES;
				CLANG_WARN_INT_CONVERSION = YES;
				CLANG_WARN_NON_LITERAL_NULL_CONVERSION = YES;
				CLANG_WARN_OBJC_IMPLICIT_RETAIN_SELF = YES;
				CLANG_WARN_OBJC_LITERAL_CONVERSION = YES;
				CLANG_WARN_OBJC_ROOT_CLASS = YES_ERROR;
				CLANG_WARN_RANGE_LOOP_ANALYSIS = YES;
				CLANG_WARN_STRICT_PROTOTYPES = YES;
				CLANG_WARN_SUSPICIOUS_MOVE = YES;
				CLANG_WARN_UNGUARDED_AVAILABILITY = YES_AGGRESSIVE;
				CLANG_WARN_UNREACHABLE_CODE = YES;
				CLANG_WARN__DUPLICATE_METHOD_MATCH = YES;
				COPY_PHASE_STRIP = NO;
				DEBUG_INFORMATION_FORMAT = "dwarf-with-dsym";
				ENABLE_NS_ASSERTIONS = NO;
				ENABLE_STRICT_OBJC_MSGSEND = YES;
				GCC_C_LANGUAGE_STANDARD = gnu11;
				GCC_NO_COMMON_BLOCKS = YES;
				GCC_WARN_64_TO_32_BIT_CONVERSION = YES;
				GCC_WARN_ABOUT_RETURN_TYPE = YES_ERROR;
				GCC_WARN_UNDECLARED_SELECTOR = YES;
				GCC_WARN_UNINITIALIZED_AUTOS = YES_AGGRESSIVE;
				GCC_WARN_UNUSED_FUNCTION = YES;
				GCC_WARN_UNUSED_VARIABLE = YES;
				IPHONEOS_DEPLOYMENT_TARGET = 13.1;
				MTL_ENABLE_DEBUG_INFO = NO;
				MTL_FAST_MATH = YES;
				SDKROOT = iphoneos;
				SWIFT_COMPILATION_MODE = wholemodule;
				SWIFT_OPTIMIZATION_LEVEL = "-O";
				VALIDATE_PRODUCT = YES;
			};
			name = Release;
		};
		DCEB15282369DA8B008EB77A /* Debug */ = {
			isa = XCBuildConfiguration;
			buildSettings = {
				ASSETCATALOG_COMPILER_APPICON_NAME = AppIcon;
				CODE_SIGN_STYLE = Automatic;
				DEVELOPMENT_TEAM = 4U73VF69U7;
				INFOPLIST_FILE = SecondIosApp/Info.plist;
				LD_RUNPATH_SEARCH_PATHS = (
					"$(inherited)",
					"@executable_path/Frameworks",
				);
				PRODUCT_BUNDLE_IDENTIFIER = com.stephen.SecondIosApp;
				PRODUCT_NAME = "$(TARGET_NAME)";
				SWIFT_VERSION = 5.0;
				TARGETED_DEVICE_FAMILY = 1;
			};
			name = Debug;
		};
		DCEB15292369DA8B008EB77A /* Release */ = {
			isa = XCBuildConfiguration;
			buildSettings = {
				ASSETCATALOG_COMPILER_APPICON_NAME = AppIcon;
				CODE_SIGN_STYLE = Automatic;
				DEVELOPMENT_TEAM = 4U73VF69U7;
				INFOPLIST_FILE = SecondIosApp/Info.plist;
				LD_RUNPATH_SEARCH_PATHS = (
					"$(inherited)",
					"@executable_path/Frameworks",
				);
				PRODUCT_BUNDLE_IDENTIFIER = com.stephen.SecondIosApp;
				PRODUCT_NAME = "$(TARGET_NAME)";
				SWIFT_VERSION = 5.0;
				TARGETED_DEVICE_FAMILY = 1;
			};
			name = Release;
		};
/* End XCBuildConfiguration section */

/* Begin XCConfigurationList section */
		DCEB150E2369DA8A008EB77A /* Build configuration list for PBXProject "SecondIosApp" */ = {
			isa = XCConfigurationList;
			buildConfigurations = (
				DCEB15252369DA8B008EB77A /* Debug */,
				DCEB15262369DA8B008EB77A /* Release */,
			);
			defaultConfigurationIsVisible = 0;
			defaultConfigurationName = Release;
		};
		DCEB15272369DA8B008EB77A /* Build configuration list for PBXNativeTarget "SecondIosApp" */ = {
			isa = XCConfigurationList;
			buildConfigurations = (
				DCEB15282369DA8B008EB77A /* Debug */,
				DCEB15292369DA8B008EB77A /* Release */,
			);
			defaultConfigurationIsVisible = 0;
			defaultConfigurationName = Release;
		};
/* End XCConfigurationList section */
	};
	rootObject = DCEB150B2369DA8A008EB77A /* Project object */;
}
